{
  "name": "collection-jk",
  "version": "0.0.1",
  "lockfileVersion": 2,
  "requires": true,
  "packages": {
    "": {
      "name": "collection-jk",
      "version": "0.0.1",
      "license": "UNLICENSED",
      "dependencies": {
        "@jkcfg/kubernetes": "^0.5.1",
        "@jkcfg/std": "^0.3.0"
      }
    },
    "node_modules/@jkcfg/kubernetes": {
      "version": "0.5.1",
      "resolved": "https://registry.npmjs.org/@jkcfg/kubernetes/-/kubernetes-0.5.1.tgz",
      "integrity": "sha512-r+RNAL4psXg81+DewfpAwnXZoJqbZkSvTIcy8OnCxLFUkQAHsI5O81+8PQr6LN3foyicBMgJ+EcuUE0aGacCwA==",
      "dependencies": {
        "@jkcfg/std": "^0.3.0"
      }
    },
    "node_modules/@jkcfg/std": {
      "version": "0.3.2",
      "resolved": "https://registry.npmjs.org/@jkcfg/std/-/std-0.3.2.tgz",
      "integrity": "sha512-bdJs88KZE2GSlkY2/eVn7fUi9o022urWWUqw7JAyMZNyQaOhkSAzn2TfU/Bp63P0pwbMPqEbmcrTq6oSMOlmqQ=="
    }
  },
  "dependencies": {
    "@jkcfg/kubernetes": {
      "version": "0.5.1",
      "resolved": "https://registry.npmjs.org/@jkcfg/kubernetes/-/kubernetes-0.5.1.tgz",
      "integrity": "sha512-r+RNAL4psXg81+DewfpAwnXZoJqbZkSvTIcy8OnCxLFUkQAHsI5O81+8PQr6LN3foyicBMgJ+EcuUE0aGacCwA==",
      "requires": {
        "@jkcfg/std": "^0.3.0"
      }
    },
    "@jkcfg/std": {
      "version": "0.3.2",
      "resolved": "https://registry.npmjs.org/@jkcfg/std/-/std-0.3.2.tgz",
      "integrity": "sha512-bdJs88KZE2GSlkY2/eVn7fUi9o022urWWUqw7JAyMZNyQaOhkSAzn2TfU/Bp63P0pwbMPqEbmcrTq6oSMOlmqQ=="
    }
  }
}