{
  "name": "kube",
  "lockfileVersion": 2,
  "requires": true,
  "packages": {
    "": {
      "dependencies": {
        "@jkcfg/kubernetes": "^0.6.2"
      }
    },
    "node_modules/@jkcfg/kubernetes": {
      "version": "0.6.2",
      "resolved": "https://registry.npmjs.org/@jkcfg/kubernetes/-/kubernetes-0.6.2.tgz",
      "integrity": "sha512-k7AEMolFWw5UWdN0PdW6ASnZeU39s4H31vNZdz03cA5Y+Q/mSEyfyEn/WV81h3E5GlG+tHbv47BPM6rBj9KJcQ==",
      "dependencies": {
        "@jkcfg/std": "^0.3.2"
      }
    },
    "node_modules/@jkcfg/std": {
      "version": "0.3.2",
      "resolved": "https://registry.npmjs.org/@jkcfg/std/-/std-0.3.2.tgz",
      "integrity": "sha512-bdJs88KZE2GSlkY2/eVn7fUi9o022urWWUqw7JAyMZNyQaOhkSAzn2TfU/Bp63P0pwbMPqEbmcrTq6oSMOlmqQ=="
    }
  },
  "dependencies": {
    "@jkcfg/kubernetes": {
      "version": "0.6.2",
      "resolved": "https://registry.npmjs.org/@jkcfg/kubernetes/-/kubernetes-0.6.2.tgz",
      "integrity": "sha512-k7AEMolFWw5UWdN0PdW6ASnZeU39s4H31vNZdz03cA5Y+Q/mSEyfyEn/WV81h3E5GlG+tHbv47BPM6rBj9KJcQ==",
      "requires": {
        "@jkcfg/std": "^0.3.2"
      }
    },
    "@jkcfg/std": {
      "version": "0.3.2",
      "resolved": "https://registry.npmjs.org/@jkcfg/std/-/std-0.3.2.tgz",
      "integrity": "sha512-bdJs88KZE2GSlkY2/eVn7fUi9o022urWWUqw7JAyMZNyQaOhkSAzn2TfU/Bp63P0pwbMPqEbmcrTq6oSMOlmqQ=="
    }
  }
}
